// !$*UTF8*$!
{
	archiveVersion = 1;
	classes = {
	};
	objectVersion = 56;
	objects = {

/* Begin PBXBuildFile section */
		8333B91F2B27056500A7FB54 /* AppDelegate.swift in Sources */ = {isa = PBXBuildFile; fileRef = 8333B91E2B27056500A7FB54 /* AppDelegate.swift */; };
		8333B9212B27056500A7FB54 /* SceneDelegate.swift in Sources */ = {isa = PBXBuildFile; fileRef = 8333B9202B27056500A7FB54 /* SceneDelegate.swift */; };
		8333B9232B27056500A7FB54 /* ViewController.swift in Sources */ = {isa = PBXBuildFile; fileRef = 8333B9222B27056500A7FB54 /* ViewController.swift */; };
		8333B9262B27056500A7FB54 /* Main.storyboard in Resources */ = {isa = PBXBuildFile; fileRef = 8333B9242B27056500A7FB54 /* Main.storyboard */; };
		8333B9282B27056F00A7FB54 /* Assets.xcassets in Resources */ = {isa = PBXBuildFile; fileRef = 8333B9272B27056F00A7FB54 /* Assets.xcassets */; };
		8333B92B2B27056F00A7FB54 /* LaunchScreen.storyboard in Resources */ = {isa = PBXBuildFile; fileRef = 8333B9292B27056F00A7FB54 /* LaunchScreen.storyboard */; };
		8333B9332B27188B00A7FB54 /* StudentTableViewCell.swift in Sources */ = {isa = PBXBuildFile; fileRef = 8333B9322B27188B00A7FB54 /* StudentTableViewCell.swift */; };
		8333B9352B27196100A7FB54 /* User.swift in Sources */ = {isa = PBXBuildFile; fileRef = 8333B9342B27196100A7FB54 /* User.swift */; };
/* End PBXBuildFile section */

/* Begin PBXFileReference section */
		8333B91B2B27056500A7FB54 /* viewTaskSingularity.app */ = {isa = PBXFileReference; explicitFileType = wrapper.application; includeInIndex = 0; path = viewTaskSingularity.app; sourceTree = BUILT_PRODUCTS_DIR; };
		8333B91E2B27056500A7FB54 /* AppDelegate.swift */ = {isa = PBXFileReference; lastKnownFileType = sourcecode.swift; path = AppDelegate.swift; sourceTree = "<group>"; };
		8333B9202B27056500A7FB54 /* SceneDelegate.swift */ = {isa = PBXFileReference; lastKnownFileType = sourcecode.swift; path = SceneDelegate.swift; sourceTree = "<group>"; };
		8333B9222B27056500A7FB54 /* ViewController.swift */ = {isa = PBXFileReference; lastKnownFileType = sourcecode.swift; path = ViewController.swift; sourceTree = "<group>"; };
		8333B9252B27056500A7FB54 /* Base */ = {isa = PBXFileReference; lastKnownFileType = file.storyboard; name = Base; path = Base.lproj/Main.storyboard; sourceTree = "<group>"; };
		8333B9272B27056F00A7FB54 /* Assets.xcassets */ = {isa = PBXFileReference; lastKnownFileType = folder.assetcatalog; path = Assets.xcassets; sourceTree = "<group>"; };
		8333B92A2B27056F00A7FB54 /* Base */ = {isa = PBXFileReference; lastKnownFileType = file.storyboard; name = Base; path = Base.lproj/LaunchScreen.storyboard; sourceTree = "<group>"; };
		8333B92C2B27056F00A7FB54 /* Info.plist */ = {isa = PBXFileReference; lastKnownFileType = text.plist.xml; path = Info.plist; sourceTree = "<group>"; };
		8333B9322B27188B00A7FB54 /* StudentTableViewCell.swift */ = {isa = PBXFileReference; lastKnownFileType = sourcecode.swift; path = StudentTableViewCell.swift; sourceTree = "<group>"; };
		8333B9342B27196100A7FB54 /* User.swift */ = {isa = PBXFileReference; lastKnownFileType = sourcecode.swift; path = User.swift; sourceTree = "<group>"; };
/* End PBXFileReference section */

/* Begin PBXFrameworksBuildPhase section */
		8333B9182B27056500A7FB54 /* Frameworks */ = {
			isa = PBXFrameworksBuildPhase;
			buildActionMask = 2147483647;
			files = (
			);
			runOnlyForDeploymentPostprocessing = 0;
		};
/* End PBXFrameworksBuildPhase section */

/* Begin PBXGroup section */
		8333B9122B27056500A7FB54 = {
			isa = PBXGroup;
			children = (
				8333B91D2B27056500A7FB54 /* viewTaskSingularity */,
				8333B91C2B27056500A7FB54 /* Products */,
			);
			sourceTree = "<group>";
		};
		8333B91C2B27056500A7FB54 /* Products */ = {
			isa = PBXGroup;
			children = (
				8333B91B2B27056500A7FB54 /* viewTaskSingularity.app */,
			);
			name = Products;
			sourceTree = "<group>";
		};
		8333B91D2B27056500A7FB54 /* viewTaskSingularity */ = {
			isa = PBXGroup;
			children = (
				8333B91E2B27056500A7FB54 /* AppDelegate.swift */,
				8333B9202B27056500A7FB54 /* SceneDelegate.swift */,
				8333B9222B27056500A7FB54 /* ViewController.swift */,
				8333B9342B27196100A7FB54 /* User.swift */,
				8333B9242B27056500A7FB54 /* Main.storyboard */,
				8333B9322B27188B00A7FB54 /* StudentTableViewCell.swift */,
				8333B9272B27056F00A7FB54 /* Assets.xcassets */,
				8333B9292B27056F00A7FB54 /* LaunchScreen.storyboard */,
				8333B92C2B27056F00A7FB54 /* Info.plist */,
			);
			path = viewTaskSingularity;
			sourceTree = "<group>";
		};
/* End PBXGroup section */

/* Begin PBXNativeTarget section */
		8333B91A2B27056500A7FB54 /* viewTaskSingularity */ = {
			isa = PBXNativeTarget;
			buildConfigurationList = 8333B92F2B27056F00A7FB54 /* Build configuration list for PBXNativeTarget "viewTaskSingularity" */;
			buildPhases = (
				8333B9172B27056500A7FB54 /* Sources */,
				8333B9182B27056500A7FB54 /* Frameworks */,
				8333B9192B27056500A7FB54 /* Resources */,
			);
			buildRules = (
			);
			dependencies = (
			);
			name = viewTaskSingularity;
			productName = viewTaskSingularity;
			productReference = 8333B91B2B27056500A7FB54 /* viewTaskSingularity.app */;
			productType = "com.apple.product-type.application";
		};
/* End PBXNativeTarget section */

/* Begin PBXProject section */
		8333B9132B27056500A7FB54 /* Project object */ = {
			isa = PBXProject;
			attributes = {
				BuildIndependentTargetsInParallel = 1;
				LastSwiftUpdateCheck = 1500;
				LastUpgradeCheck = 1500;
				TargetAttributes = {
					8333B91A2B27056500A7FB54 = {
						CreatedOnToolsVersion = 15.0.1;
					};
				};
			};
			buildConfigurationList = 8333B9162B27056500A7FB54 /* Build configuration list for PBXProject "viewTaskSingularity" */;
			compatibilityVersion = "Xcode 14.0";
			developmentRegion = en;
			hasScannedForEncodings = 0;
			knownRegions = (
				en,
				Base,
			);
			mainGroup = 8333B9122B27056500A7FB54;
			productRefGroup = 8333B91C2B27056500A7FB54 /* Products */;
			projectDirPath = "";
			projectRoot = "";
			targets = (
				8333B91A2B27056500A7FB54 /* viewTaskSingularity */,
			);
		};
/* End PBXProject section */

/* Begin PBXResourcesBuildPhase section */
		8333B9192B27056500A7FB54 /* Resources */ = {
			isa = PBXResourcesBuildPhase;
			buildActionMask = 2147483647;
			files = (
				8333B92B2B27056F00A7FB54 /* LaunchScreen.storyboard in Resources */,
				8333B9282B27056F00A7FB54 /* Assets.xcassets in Resources */,
				8333B9262B27056500A7FB54 /* Main.storyboard in Resources */,
			);
			runOnlyForDeploymentPostprocessing = 0;
		};
/* End PBXResourcesBuildPhase section */

/* Begin PBXSourcesBuildPhase section */
		8333B9172B27056500A7FB54 /* Sources */ = {
			isa = PBXSourcesBuildPhase;
			buildActionMask = 2147483647;
			files = (
				8333B9232B27056500A7FB54 /* ViewController.swift in Sources */,
				8333B91F2B27056500A7FB54 /* AppDelegate.swift in Sources */,
				8333B9212B27056500A7FB54 /* SceneDelegate.swift in Sources */,
				8333B9352B27196100A7FB54 /* User.swift in Sources */,
				8333B9332B27188B00A7FB54 /* StudentTableViewCell.swift in Sources */,
			);
			runOnlyForDeploymentPostprocessing = 0;
		};
/* End PBXSourcesBuildPhase section */

/* Begin PBXVariantGroup section */
		8333B9242B27056500A7FB54 /* Main.storyboard */ = {
			isa = PBXVariantGroup;
			children = (
				8333B9252B27056500A7FB54 /* Base */,
			);
			name = Main.storyboard;
			sourceTree = "<group>";
		};
		8333B9292B27056F00A7FB54 /* LaunchScreen.storyboard */ = {
			isa = PBXVariantGroup;
			children = (
				8333B92A2B27056F00A7FB54 /* Base */,
			);
			name = LaunchScreen.storyboard;
			sourceTree = "<group>";
		};
/* End PBXVariantGroup section */

/* Begin XCBuildConfiguration section */
		8333B92D2B27056F00A7FB54 /* Debug */ = {
			isa = XCBuildConfiguration;
			buildSettings = {
				ALWAYS_SEARCH_USER_PATHS = NO;
				ASSETCATALOG_COMPILER_GENERATE_SWIFT_ASSET_SYMBOL_EXTENSIONS = YES;
				CLANG_ANALYZER_NONNULL = YES;
				CLANG_ANALYZER_NUMBER_OBJECT_CONVERSION = YES_AGGRESSIVE;
				CLANG_CXX_LANGUAGE_STANDARD = "gnu++20";
				CLANG_ENABLE_MODULES = YES;
				CLANG_ENABLE_OBJC_ARC = YES;
				CLANG_ENABLE_OBJC_WEAK = YES;
				CLANG_WARN_BLOCK_CAPTURE_AUTORELEASING = YES;
				CLANG_WARN_BOOL_CONVERSION = YES;
				CLANG_WARN_COMMA = YES;
				CLANG_WARN_CONSTANT_CONVERSION = YES;
				CLANG_WARN_DEPRECATED_OBJC_IMPLEMENTATIONS = YES;
				CLANG_WARN_DIRECT_OBJC_ISA_USAGE = YES_ERROR;
				CLANG_WARN_DOCUMENTATION_COMMENTS = YES;
				CLANG_WARN_EMPTY_BODY = YES;
				CLANG_WARN_ENUM_CONVERSION = YES;
				CLANG_WARN_INFINITE_RECURSION = YES;
				CLANG_WARN_INT_CONVERSION = YES;
				CLANG_WARN_NON_LITERAL_NULL_CONVERSION = YES;
				CLANG_WARN_OBJC_IMPLICIT_RETAIN_SELF = YES;
				CLANG_WARN_OBJC_LITERAL_CONVERSION = YES;
				CLANG_WARN_OBJC_ROOT_CLASS = YES_ERROR;
				CLANG_WARN_QUOTED_INCLUDE_IN_FRAMEWORK_HEADER = YES;
				CLANG_WARN_RANGE_LOOP_ANALYSIS = YES;
				CLANG_WARN_STRICT_PROTOTYPES = YES;
				CLANG_WARN_SUSPICIOUS_MOVE = YES;
				CLANG_WARN_UNGUARDED_AVAILABILITY = YES_AGGRESSIVE;
				CLANG_WARN_UNREACHABLE_CODE = YES;
				CLANG_WARN__DUPLICATE_METHOD_MATCH = YES;
				COPY_PHASE_STRIP = NO;
				DEBUG_INFORMATION_FORMAT = dwarf;
				ENABLE_STRICT_OBJC_MSGSEND = YES;
				ENABLE_TESTABILITY = YES;
				ENABLE_USER_SCRIPT_SANDBOXING = YES;
				GCC_C_LANGUAGE_STANDARD = gnu17;
				GCC_DYNAMIC_NO_PIC = NO;
				GCC_NO_COMMON_BLOCKS = YES;
				GCC_OPTIMIZATION_LEVEL = 0;
				GCC_PREPROCESSOR_DEFINITIONS = (
					"DEBUG=1",
					"$(inherited)",
				);
				GCC_WARN_64_TO_32_BIT_CONVERSION = YES;
				GCC_WARN_ABOUT_RETURN_TYPE = YES_ERROR;
				GCC_WARN_UNDECLARED_SELECTOR = YES;
				GCC_WARN_UNINITIALIZED_AUTOS = YES_AGGRESSIVE;
				GCC_WARN_UNUSED_FUNCTION = YES;
				GCC_WARN_UNUSED_VARIABLE = YES;
				IPHONEOS_DEPLOYMENT_TARGET = 17.0;
				LOCALIZATION_PREFERS_STRING_CATALOGS = YES;
				MTL_ENABLE_DEBUG_INFO = INCLUDE_SOURCE;
				MTL_FAST_MATH = YES;
				ONLY_ACTIVE_ARCH = YES;
				SDKROOT = iphoneos;
				SWIFT_ACTIVE_COMPILATION_CONDITIONS = "DEBUG $(inherited)";
				SWIFT_OPTIMIZATION_LEVEL = "-Onone";
			};
			name = Debug;
		};
		8333B92E2B27056F00A7FB54 /* Release */ = {
			isa = XCBuildConfiguration;
			buildSettings = {
				ALWAYS_SEARCH_USER_PATHS = NO;
				ASSETCATALOG_COMPILER_GENERATE_SWIFT_ASSET_SYMBOL_EXTENSIONS = YES;
				CLANG_ANALYZER_NONNULL = YES;
				CLANG_ANALYZER_NUMBER_OBJECT_CONVERSION = YES_AGGRESSIVE;
				CLANG_CXX_LANGUAGE_STANDARD = "gnu++20";
				CLANG_ENABLE_MODULES = YES;
				CLANG_ENABLE_OBJC_ARC = YES;
				CLANG_ENABLE_OBJC_WEAK = YES;
				CLANG_WARN_BLOCK_CAPTURE_AUTORELEASING = YES;
				CLANG_WARN_BOOL_CONVERSION = YES;
				CLANG_WARN_COMMA = YES;
				CLANG_WARN_CONSTANT_CONVERSION = YES;
				CLANG_WARN_DEPRECATED_OBJC_IMPLEMENTATIONS = YES;
				CLANG_WARN_DIRECT_OBJC_ISA_USAGE = YES_ERROR;
				CLANG_WARN_DOCUMENTATION_COMMENTS = YES;
				CLANG_WARN_EMPTY_BODY = YES;
				CLANG_WARN_ENUM_CONVERSION = YES;
				CLANG_WARN_INFINITE_RECURSION = YES;
				CLANG_WARN_INT_CONVERSION = YES;
				CLANG_WARN_NON_LITERAL_NULL_CONVERSION = YES;
				CLANG_WARN_OBJC_IMPLICIT_RETAIN_SELF = YES;
				CLANG_WARN_OBJC_LITERAL_CONVERSION = YES;
				CLANG_WARN_OBJC_ROOT_CLASS = YES_ERROR;
				CLANG_WARN_QUOTED_INCLUDE_IN_FRAMEWORK_HEADER = YES;
				CLANG_WARN_RANGE_LOOP_ANALYSIS = YES;
				CLANG_WARN_STRICT_PROTOTYPES = YES;
				CLANG_WARN_SUSPICIOUS_MOVE = YES;
				CLANG_WARN_UNGUARDED_AVAILABILITY = YES_AGGRESSIVE;
				CLANG_WARN_UNREACHABLE_CODE = YES;
				CLANG_WARN__DUPLICATE_METHOD_MATCH = YES;
				COPY_PHASE_STRIP = NO;
				DEBUG_INFORMATION_FORMAT = "dwarf-with-dsym";
				ENABLE_NS_ASSERTIONS = NO;
				ENABLE_STRICT_OBJC_MSGSEND = YES;
				ENABLE_USER_SCRIPT_SANDBOXING = YES;
				GCC_C_LANGUAGE_STANDARD = gnu17;
				GCC_NO_COMMON_BLOCKS = YES;
				GCC_WARN_64_TO_32_BIT_CONVERSION = YES;
				GCC_WARN_ABOUT_RETURN_TYPE = YES_ERROR;
				GCC_WARN_UNDECLARED_SELECTOR = YES;
				GCC_WARN_UNINITIALIZED_AUTOS = YES_AGGRESSIVE;
				GCC_WARN_UNUSED_FUNCTION = YES;
				GCC_WARN_UNUSED_VARIABLE = YES;
				IPHONEOS_DEPLOYMENT_TARGET = 17.0;
				LOCALIZATION_PREFERS_STRING_CATALOGS = YES;
				MTL_ENABLE_DEBUG_INFO = NO;
				MTL_FAST_MATH = YES;
				SDKROOT = iphoneos;
				SWIFT_COMPILATION_MODE = wholemodule;
				VALIDATE_PRODUCT = YES;
			};
			name = Release;
		};
		8333B9302B27056F00A7FB54 /* Debug */ = {
			isa = XCBuildConfiguration;
			buildSettings = {
				ASSETCATALOG_COMPILER_APPICON_NAME = AppIcon;
				ASSETCATALOG_COMPILER_GLOBAL_ACCENT_COLOR_NAME = AccentColor;
				CODE_SIGN_STYLE = Automatic;
				CURRENT_PROJECT_VERSION = 1;
				DEVELOPMENT_TEAM = HRR33VADKN;
				GENERATE_INFOPLIST_FILE = YES;
				INFOPLIST_FILE = viewTaskSingularity/Info.plist;
				INFOPLIST_KEY_UIApplicationSupportsIndirectInputEvents = YES;
				INFOPLIST_KEY_UILaunchStoryboardName = LaunchScreen;
				INFOPLIST_KEY_UIMainStoryboardFile = Main;
				INFOPLIST_KEY_UISupportedInterfaceOrientations_iPad = "UIInterfaceOrientationPortrait UIInterfaceOrientationPortraitUpsideDown UIInterfaceOrientationLandscapeLeft UIInterfaceOrientationLandscapeRight";
				INFOPLIST_KEY_UISupportedInterfaceOrientations_iPhone = "UIInterfaceOrientationPortrait UIInterfaceOrientationLandscapeLeft UIInterfaceOrientationLandscapeRight";
				LD_RUNPATH_SEARCH_PATHS = (
					"$(inherited)",
					"@executable_path/Frameworks",
				);
				MARKETING_VERSION = 1.0;
				PRODUCT_BUNDLE_IDENTIFIER = com.mariyaAliyeva.viewTaskSingularity;
				PRODUCT_NAME = "$(TARGET_NAME)";
				SWIFT_EMIT_LOC_STRINGS = YES;
				SWIFT_VERSION = 5.0;
				TARGETED_DEVICE_FAMILY = "1,2";
			};
			name = Debug;
		};
		8333B9312B27056F00A7FB54 /* Release */ = {
			isa = XCBuildConfiguration;
			buildSettings = {
				ASSETCATALOG_COMPILER_APPICON_NAME = AppIcon;
				ASSETCATALOG_COMPILER_GLOBAL_ACCENT_COLOR_NAME = AccentColor;
				CODE_SIGN_STYLE = Automatic;
				CURRENT_PROJECT_VERSION = 1;
				DEVELOPMENT_TEAM = HRR33VADKN;
				GENERATE_INFOPLIST_FILE = YES;
				INFOPLIST_FILE = viewTaskSingularity/Info.plist;
				INFOPLIST_KEY_UIApplicationSupportsIndirectInputEvents = YES;
				INFOPLIST_KEY_UILaunchStoryboardName = LaunchScreen;
				INFOPLIST_KEY_UIMainStoryboardFile = Main;
				INFOPLIST_KEY_UISupportedInterfaceOrientations_iPad = "UIInterfaceOrientationPortrait UIInterfaceOrientationPortraitUpsideDown UIInterfaceOrientationLandscapeLeft UIInterfaceOrientationLandscapeRight";
				INFOPLIST_KEY_UISupportedInterfaceOrientations_iPhone = "UIInterfaceOrientationPortrait UIInterfaceOrientationLandscapeLeft UIInterfaceOrientationLandscapeRight";
				LD_RUNPATH_SEARCH_PATHS = (
					"$(inherited)",
					"@executable_path/Frameworks",
				);
				MARKETING_VERSION = 1.0;
				PRODUCT_BUNDLE_IDENTIFIER = com.mariyaAliyeva.viewTaskSingularity;
				PRODUCT_NAME = "$(TARGET_NAME)";
				SWIFT_EMIT_LOC_STRINGS = YES;
				SWIFT_VERSION = 5.0;
				TARGETED_DEVICE_FAMILY = "1,2";
			};
			name = Release;
		};
/* End XCBuildConfiguration section */

/* Begin XCConfigurationList section */
		8333B9162B27056500A7FB54 /* Build configuration list for PBXProject "viewTaskSingularity" */ = {
			isa = XCConfigurationList;
			buildConfigurations = (
				8333B92D2B27056F00A7FB54 /* Debug */,
				8333B92E2B27056F00A7FB54 /* Release */,
			);
			defaultConfigurationIsVisible = 0;
			defaultConfigurationName = Release;
		};
		8333B92F2B27056F00A7FB54 /* Build configuration list for PBXNativeTarget "viewTaskSingularity" */ = {
			isa = XCConfigurationList;
			buildConfigurations = (
				8333B9302B27056F00A7FB54 /* Debug */,
				8333B9312B27056F00A7FB54 /* Release */,
			);
			defaultConfigurationIsVisible = 0;
			defaultConfigurationName = Release;
		};
/* End XCConfigurationList section */
	};
	rootObject = 8333B9132B27056500A7FB54 /* Project object */;
}
